
Microsoft Visual Studio Solution File, Format Version 11.00
# Visual Studio 2010
Project("{FAE04EC0-301F-11D3-BF4B-00C04F79EFBC}") = "SteamVR", "SteamVR.csproj", "{D162A627-714D-8EF1-CA8E-94A04433E931}"
EndProject
Project("{FAE04EC0-301F-11D3-BF4B-00C04F79EFBC}") = "Assembly-CSharp", "Assembly-CSharp.csproj", "{FFED322F-9965-1356-0E69-1B148CB36FDE}"
EndProject
Project("{FAE04EC0-301F-11D3-BF4B-00C04F79EFBC}") = "SteamVR_Actions", "SteamVR_Actions.csproj", "{DDA95660-253E-1367-FBF9-361F514E3B57}"
EndProject
Project("{FAE04EC0-301F-11D3-BF4B-00C04F79EFBC}") = "SteamVR_Editor", "SteamVR_Editor.csproj", "{521D7CD3-6E88-3698-7E94-500BECF02A40}"
EndProject
Project("{FAE04EC0-301F-11D3-BF4B-00C04F79EFBC}") = "SteamVR_Input_Editor", "SteamVR_Input_Editor.csproj", "{63827269-F4FF-1A28-24E3-333A058684B9}"
EndProject
Project("{FAE04EC0-301F-11D3-BF4B-00C04F79EFBC}") = "Assembly-CSharp-Editor", "Assembly-CSharp-Editor.csproj", "{70B06F27-1F73-0D64-CA27-0590A85E3AEE}"
EndProject
Project("{FAE04EC0-301F-11D3-BF4B-00C04F79EFBC}") = "SteamVR_Windows_EditorHelper", "SteamVR_Windows_EditorHelper.csproj", "{79F04F71-FEA3-C7F2-61C7-6C02D9D95723}"
EndProject
Global
	GlobalSection(SolutionConfigurationPlatforms) = preSolution
		Debug|Any CPU = Debug|Any CPU
		Release|Any CPU = Release|Any CPU
	EndGlobalSection
	GlobalSection(ProjectConfigurationPlatforms) = postSolution
		{D162A627-714D-8EF1-CA8E-94A04433E931}.Debug|Any CPU.ActiveCfg = Debug|Any CPU
		{D162A627-714D-8EF1-CA8E-94A04433E931}.Debug|Any CPU.Build.0 = Debug|Any CPU
		{D162A627-714D-8EF1-CA8E-94A04433E931}.Release|Any CPU.ActiveCfg = Release|Any CPU
		{D162A627-714D-8EF1-CA8E-94A04433E931}.Release|Any CPU.Build.0 = Release|Any CPU
		{FFED322F-9965-1356-0E69-1B148CB36FDE}.Debug|Any CPU.ActiveCfg = Debug|Any CPU
		{FFED322F-9965-1356-0E69-1B148CB36FDE}.Debug|Any CPU.Build.0 = Debug|Any CPU
		{FFED322F-9965-1356-0E69-1B148CB36FDE}.Release|Any CPU.ActiveCfg = Release|Any CPU
		{FFED322F-9965-1356-0E69-1B148CB36FDE}.Release|Any CPU.Build.0 = Release|Any CPU
		{DDA95660-253E-1367-FBF9-361F514E3B57}.Debug|Any CPU.ActiveCfg = Debug|Any CPU
		{DDA95660-253E-1367-FBF9-361F514E3B57}.Debug|Any CPU.Build.0 = Debug|Any CPU
		{DDA95660-253E-1367-FBF9-361F514E3B57}.Release|Any CPU.ActiveCfg = Release|Any CPU
		{DDA95660-253E-1367-FBF9-361F514E3B57}.Release|Any CPU.Build.0 = Release|Any CPU
		{521D7CD3-6E88-3698-7E94-500BECF02A40}.Debug|Any CPU.ActiveCfg = Debug|Any CPU
		{521D7CD3-6E88-3698-7E94-500BECF02A40}.Debug|Any CPU.Build.0 = Debug|Any CPU
		{521D7CD3-6E88-3698-7E94-500BECF02A40}.Release|Any CPU.ActiveCfg = Release|Any CPU
		{521D7CD3-6E88-3698-7E94-500BECF02A40}.Release|Any CPU.Build.0 = Release|Any CPU
		{63827269-F4FF-1A28-24E3-333A058684B9}.Debug|Any CPU.ActiveCfg = Debug|Any CPU
		{63827269-F4FF-1A28-24E3-333A058684B9}.Debug|Any CPU.Build.0 = Debug|Any CPU
		{63827269-F4FF-1A28-24E3-333A058684B9}.Release|Any CPU.ActiveCfg = Release|Any CPU
		{63827269-F4FF-1A28-24E3-333A058684B9}.Release|Any CPU.Build.0 = Release|Any CPU
		{70B06F27-1F73-0D64-CA27-0590A85E3AEE}.Debug|Any CPU.ActiveCfg = Debug|Any CPU
		{70B06F27-1F73-0D64-CA27-0590A85E3AEE}.Debug|Any CPU.Build.0 = Debug|Any CPU
		{70B06F27-1F73-0D64-CA27-0590A85E3AEE}.Release|Any CPU.ActiveCfg = Release|Any CPU
		{70B06F27-1F73-0D64-CA27-0590A85E3AEE}.Release|Any CPU.Build.0 = Release|Any CPU
		{79F04F71-FEA3-C7F2-61C7-6C02D9D95723}.Debug|Any CPU.ActiveCfg = Debug|Any CPU
		{79F04F71-FEA3-C7F2-61C7-6C02D9D95723}.Debug|Any CPU.Build.0 = Debug|Any CPU
		{79F04F71-FEA3-C7F2-61C7-6C02D9D95723}.Release|Any CPU.ActiveCfg = Release|Any CPU
		{79F04F71-FEA3-C7F2-61C7-6C02D9D95723}.Release|Any CPU.Build.0 = Release|Any CPU
	EndGlobalSection
	GlobalSection(SolutionProperties) = preSolution
		HideSolutionNode = FALSE
	EndGlobalSection
EndGlobal
